# This file is autogenerated, do not edit; changes may be undone by the next 'dep ensure'.


[[projects]]
  branch = "master"
  digest = "1:65d28f8d174a402c6f389208cdbf07f4e41882a1d0e311ef68f4bc8051b0e618"
  name = "github.com/IoTPanic/pixels-go"
  packages = ["."]
  pruneopts = "UT"
  revision = "7261b44456fd8b0dcecdd78f1a760b25aec7d400"

[[projects]]
  digest = "1:cbec35fe4d5a4fba369a656a8cd65e244ea2c743007d8f6c1ccb132acf9d1296"
  name = "github.com/gorilla/mux"
  packages = ["."]
  pruneopts = "UT"
  revision = "00bdffe0f3c77e27d2cf6f5c70232a2d3e4d9c15"
  version = "v1.7.3"

[solve-meta]
  analyzer-name = "dep"
  analyzer-version = 1
  input-imports = [
    "github.com/IoTPanic/pixels-go",
    "github.com/gorilla/mux",
  ]
  solver-name = "gps-cdcl"
  solver-version = 1
