# This file is autogenerated, do not edit; changes may be undone by the next 'dep ensure'.


[[projects]]
  branch = "master"
  digest = "1:65d28f8d174a402c6f389208cdbf07f4e41882a1d0e311ef68f4bc8051b0e618"
  name = "github.com/IoTPanic/pixels-go"
  packages = ["."]
  pruneopts = "UT"
  revision = "7261b44456fd8b0dcecdd78f1a760b25aec7d400"

[[projects]]
  digest = "1:bb89a2542933056fcebc2950bb15ec636e623cc43c96597288aa2009f15b0ce1"
  name = "github.com/eclipse/paho.mqtt.golang"
  packages = [
    ".",
    "packets"
  ]
  pruneopts = "UT"
  revision = "adca289fdcf8c883800aafa545bc263452290bae"
  version = "v1.2.0"

[[projects]]
  digest = "1:6973c2e8119789f8600a3eb9af765c57ea27824f1789198597d701c01abbc013"
  name = "github.com/googollee/go-engine.io"
  packages = [
    ".",
    "base",
    "packet",
    "payload",
    "transport",
    "transport/polling",
    "transport/websocket"
  ]
  pruneopts = "UT"
  revision = "d1cac332336664ac940c0db96d83e9b181cd335c"
  version = "v1.4.2"

[[projects]]
  digest = "1:06c5a9eb50bb0770781a7846856f0008b4e47b62e89c57bb4ddf6a1e1539a749"
  name = "github.com/googollee/go-socket.io"
  packages = [
    ".",
    "parser"
  ]
  pruneopts = "UT"
  revision = "aa8a717234da5266c39e1211323266f397a3cb84"
  version = "v1.4.2"

[[projects]]
  digest = "1:cbec35fe4d5a4fba369a656a8cd65e244ea2c743007d8f6c1ccb132acf9d1296"
  name = "github.com/gorilla/mux"
  packages = ["."]
  pruneopts = "UT"
  revision = "00bdffe0f3c77e27d2cf6f5c70232a2d3e4d9c15"
  version = "v1.7.3"

[[projects]]
  digest = "1:e62657cca9badaa308d86e7716083e4c5933bb78e30a17743fc67f50be26f6f4"
  name = "github.com/gorilla/websocket"
  packages = ["."]
  pruneopts = "UT"
  revision = "c3e18be99d19e6b3e8f1559eea2c161a665c4b6b"
  version = "v1.4.1"

[[projects]]
  branch = "master"
  digest = "1:32cf722ab04ef8b448f0a2142c9ec3217536fde41bc085a96eff65015897b034"
  name = "golang.org/x/net"
  packages = [
    "internal/socks",
    "proxy",
    "websocket"
  ]
  pruneopts = "UT"
  revision = "ba9fcec4b297b415637633c5a6e8fa592e4a16c3"

[solve-meta]
  analyzer-name = "dep"
  analyzer-version = 1
  input-imports = [
    "github.com/IoTPanic/pixels-go",
    "github.com/eclipse/paho.mqtt.golang",
    "github.com/googollee/go-socket.io",
    "github.com/gorilla/mux"
  ]
  solver-name = "gps-cdcl"
  solver-version = 1
